
Microsoft Visual Studio Solution File, Format Version 10.00
# Visual Studio 2008
Project("{2150E333-8FDC-42A3-9474-1A3956D46DE8}") = "READ ME FIRST", "READ ME FIRST", "{4375C4A7-BDEA-412B-8616-A7DCA942EABF}"
	ProjectSection(SolutionItems) = preProject
		Readme.txt = Readme.txt
	EndProjectSection
EndProject
Project("{8BC9CEB8-8B4A-11D0-8D11-00A0C91BC942}") = "IdentitySelector", "IdentitySelector\IdentitySelector.vcproj", "{C8852AE4-F00C-46BC-AEA0-DAC9AA48C57F}"
EndProject
Project("{2150E333-8FDC-42A3-9474-1A3956D46DE8}") = "firefox-extension", "firefox-extension", "{1D770B1A-E636-485E-93D1-76166B385D69}"
	ProjectSection(SolutionItems) = preProject
		firefox-extension\chrome.manifest = firefox-extension\chrome.manifest
		firefox-extension\install.rdf = firefox-extension\install.rdf
	EndProjectSection
EndProject
Project("{2150E333-8FDC-42A3-9474-1A3956D46DE8}") = "chrome", "chrome", "{0BF79A8D-8509-40C1-B5D8-B3673FE6444C}"
EndProject
Project("{2150E333-8FDC-42A3-9474-1A3956D46DE8}") = "content", "content", "{CD945C07-7346-403C-8D08-49DF04E0001A}"
	ProjectSection(SolutionItems) = preProject
		firefox-extension\chrome\content\IdentitySelector.png = firefox-extension\chrome\content\IdentitySelector.png
		firefox-extension\chrome\content\InformationCard.css = firefox-extension\chrome\content\InformationCard.css
		firefox-extension\chrome\content\InformationCard.js = firefox-extension\chrome\content\InformationCard.js
		firefox-extension\chrome\content\InformationCard.xml = firefox-extension\chrome\content\InformationCard.xml
		firefox-extension\chrome\content\InformationCard.xul = firefox-extension\chrome\content\InformationCard.xul
	EndProjectSection
EndProject
Project("{2150E333-8FDC-42A3-9474-1A3956D46DE8}") = "defaults", "defaults", "{E4FB58C2-4998-49AF-B65A-7F529C77A790}"
EndProject
Project("{2150E333-8FDC-42A3-9474-1A3956D46DE8}") = "preferences", "preferences", "{B64CE10D-D227-4D06-AF24-62F3BFB55C80}"
	ProjectSection(SolutionItems) = preProject
		firefox-extension\defaults\preferences\identityselector.js = firefox-extension\defaults\preferences\identityselector.js
	EndProjectSection
EndProject
Global
	GlobalSection(TeamFoundationVersionControl) = preSolution
		SccNumberOfProjects = 4
		SccEnterpriseProvider = {4CA58AB2-18FA-4F8D-95D4-32DDF27D184C}
		SccTeamFoundationServer = https://tfs01.codeplex.com/
		SccLocalPath0 = .
		SccProjectUniqueName1 = firefox-extension\\firefox-extension.vcproj
		SccProjectName1 = firefox-extension
		SccLocalPath1 = firefox-extension
		SccProjectUniqueName2 = IdentitySelector.vcproj
		SccLocalPath2 = .
		SccProjectUniqueName3 = ReadThisFirst\\ReadThisFirst.vcproj
		SccProjectName3 = ReadThisFirst
		SccLocalPath3 = ReadThisFirst
	EndGlobalSection
	GlobalSection(SolutionConfigurationPlatforms) = preSolution
		Debug|Any CPU = Debug|Any CPU
		Debug|Mixed Platforms = Debug|Mixed Platforms
		Debug|Win32 = Debug|Win32
		Release|Any CPU = Release|Any CPU
		Release|Mixed Platforms = Release|Mixed Platforms
		Release|Win32 = Release|Win32
	EndGlobalSection
	GlobalSection(ProjectConfigurationPlatforms) = postSolution
		{C8852AE4-F00C-46BC-AEA0-DAC9AA48C57F}.Debug|Any CPU.ActiveCfg = Debug|Win32
		{C8852AE4-F00C-46BC-AEA0-DAC9AA48C57F}.Debug|Mixed Platforms.ActiveCfg = Debug|Win32
		{C8852AE4-F00C-46BC-AEA0-DAC9AA48C57F}.Debug|Mixed Platforms.Build.0 = Debug|Win32
		{C8852AE4-F00C-46BC-AEA0-DAC9AA48C57F}.Debug|Win32.ActiveCfg = Debug|Win32
		{C8852AE4-F00C-46BC-AEA0-DAC9AA48C57F}.Debug|Win32.Build.0 = Debug|Win32
		{C8852AE4-F00C-46BC-AEA0-DAC9AA48C57F}.Release|Any CPU.ActiveCfg = Release|Win32
		{C8852AE4-F00C-46BC-AEA0-DAC9AA48C57F}.Release|Mixed Platforms.ActiveCfg = Release|Win32
		{C8852AE4-F00C-46BC-AEA0-DAC9AA48C57F}.Release|Mixed Platforms.Build.0 = Release|Win32
		{C8852AE4-F00C-46BC-AEA0-DAC9AA48C57F}.Release|Win32.ActiveCfg = Release|Win32
		{C8852AE4-F00C-46BC-AEA0-DAC9AA48C57F}.Release|Win32.Build.0 = Release|Win32
	EndGlobalSection
	GlobalSection(SolutionProperties) = preSolution
		HideSolutionNode = FALSE
	EndGlobalSection
	GlobalSection(NestedProjects) = preSolution
		{0BF79A8D-8509-40C1-B5D8-B3673FE6444C} = {1D770B1A-E636-485E-93D1-76166B385D69}
		{E4FB58C2-4998-49AF-B65A-7F529C77A790} = {1D770B1A-E636-485E-93D1-76166B385D69}
		{CD945C07-7346-403C-8D08-49DF04E0001A} = {0BF79A8D-8509-40C1-B5D8-B3673FE6444C}
		{B64CE10D-D227-4D06-AF24-62F3BFB55C80} = {E4FB58C2-4998-49AF-B65A-7F529C77A790}
	EndGlobalSection
EndGlobal
